// !$*UTF8*$!
{
	archiveVersion = 1;
	classes = {
	};
	objectVersion = 50;
	objects = {

/* Begin PBXBuildFile section */
		7557DFBE21DFB57E00305C6E /* AppDelegate.swift in Sources */ = {isa = PBXBuildFile; fileRef = 7557DFBD21DFB57E00305C6E /* AppDelegate.swift */; };
		7557DFC021DFB57E00305C6E /* ViewController.swift in Sources */ = {isa = PBXBuildFile; fileRef = 7557DFBF21DFB57E00305C6E /* ViewController.swift */; };
		7557DFC321DFB57E00305C6E /* Main.storyboard in Resources */ = {isa = PBXBuildFile; fileRef = 7557DFC121DFB57E00305C6E /* Main.storyboard */; };
		7557DFC521DFB58500305C6E /* Assets.xcassets in Resources */ = {isa = PBXBuildFile; fileRef = 7557DFC421DFB58500305C6E /* Assets.xcassets */; };
		7557DFC821DFB58500305C6E /* LaunchScreen.storyboard in Resources */ = {isa = PBXBuildFile; fileRef = 7557DFC621DFB58500305C6E /* LaunchScreen.storyboard */; };
/* End PBXBuildFile section */

/* Begin PBXFileReference section */
		7557DFBA21DFB57E00305C6E /* MegaProject.app */ = {isa = PBXFileReference; explicitFileType = wrapper.application; includeInIndex = 0; path = MegaProject.app; sourceTree = BUILT_PRODUCTS_DIR; };
		7557DFBD21DFB57E00305C6E /* AppDelegate.swift */ = {isa = PBXFileReference; lastKnownFileType = sourcecode.swift; path = AppDelegate.swift; sourceTree = "<group>"; };
		7557DFBF21DFB57E00305C6E /* ViewController.swift */ = {isa = PBXFileReference; lastKnownFileType = sourcecode.swift; path = ViewController.swift; sourceTree = "<group>"; };
		7557DFC221DFB57E00305C6E /* Base */ = {isa = PBXFileReference; lastKnownFileType = file.storyboard; name = Base; path = Base.lproj/Main.storyboard; sourceTree = "<group>"; };
		7557DFC421DFB58500305C6E /* Assets.xcassets */ = {isa = PBXFileReference; lastKnownFileType = folder.assetcatalog; path = Assets.xcassets; sourceTree = "<group>"; };
		7557DFC721DFB58500305C6E /* Base */ = {isa = PBXFileReference; lastKnownFileType = file.storyboard; name = Base; path = Base.lproj/LaunchScreen.storyboard; sourceTree = "<group>"; };
		7557DFC921DFB58500305C6E /* Info.plist */ = {isa = PBXFileReference; lastKnownFileType = text.plist.xml; path = Info.plist; sourceTree = "<group>"; };
/* End PBXFileReference section */

/* Begin PBXFrameworksBuildPhase section */
		7557DFB721DFB57E00305C6E /* Frameworks */ = {
			isa = PBXFrameworksBuildPhase;
			buildActionMask = 2147483647;
			files = (
			);
			runOnlyForDeploymentPostprocessing = 0;
		};
/* End PBXFrameworksBuildPhase section */

/* Begin PBXGroup section */
		7557DFB121DFB57E00305C6E = {
			isa = PBXGroup;
			children = (
				7557DFBC21DFB57E00305C6E /* MegaProject */,
				7557DFBB21DFB57E00305C6E /* Products */,
			);
			sourceTree = "<group>";
		};
		7557DFBB21DFB57E00305C6E /* Products */ = {
			isa = PBXGroup;
			children = (
				7557DFBA21DFB57E00305C6E /* MegaProject.app */,
			);
			name = Products;
			sourceTree = "<group>";
		};
		7557DFBC21DFB57E00305C6E /* MegaProject */ = {
			isa = PBXGroup;
			children = (
				7557DFD221DFC25700305C6E /* algorith */,
				7557DFD121DFB5D600305C6E /* controller */,
				7557DFD021DFB5CE00305C6E /* view */,
				7557DFCF21DFB5B300305C6E /* resources */,
			);
			path = MegaProject;
			sourceTree = "<group>";
		};
		7557DFCF21DFB5B300305C6E /* resources */ = {
			isa = PBXGroup;
			children = (
				7557DFC421DFB58500305C6E /* Assets.xcassets */,
				7557DFBD21DFB57E00305C6E /* AppDelegate.swift */,
				7557DFC921DFB58500305C6E /* Info.plist */,
			);
			path = resources;
			sourceTree = "<group>";
		};
		7557DFD021DFB5CE00305C6E /* view */ = {
			isa = PBXGroup;
			children = (
				7557DFC121DFB57E00305C6E /* Main.storyboard */,
				7557DFC621DFB58500305C6E /* LaunchScreen.storyboard */,
			);
			path = view;
			sourceTree = "<group>";
		};
		7557DFD121DFB5D600305C6E /* controller */ = {
			isa = PBXGroup;
			children = (
				7557DFBF21DFB57E00305C6E /* ViewController.swift */,
			);
			path = controller;
			sourceTree = "<group>";
		};
		7557DFD221DFC25700305C6E /* algorith */ = {
			isa = PBXGroup;
			children = (
			);
			path = algorith;
			sourceTree = "<group>";
		};
/* End PBXGroup section */

/* Begin PBXNativeTarget section */
		7557DFB921DFB57E00305C6E /* MegaProject */ = {
			isa = PBXNativeTarget;
			buildConfigurationList = 7557DFCC21DFB58500305C6E /* Build configuration list for PBXNativeTarget "MegaProject" */;
			buildPhases = (
				7557DFB621DFB57E00305C6E /* Sources */,
				7557DFB721DFB57E00305C6E /* Frameworks */,
				7557DFB821DFB57E00305C6E /* Resources */,
			);
			buildRules = (
			);
			dependencies = (
			);
			name = MegaProject;
			productName = MegaProject;
			productReference = 7557DFBA21DFB57E00305C6E /* MegaProject.app */;
			productType = "com.apple.product-type.application";
		};
/* End PBXNativeTarget section */

/* Begin PBXProject section */
		7557DFB221DFB57E00305C6E /* Project object */ = {
			isa = PBXProject;
			attributes = {
				LastSwiftUpdateCheck = 0940;
				LastUpgradeCheck = 0940;
				ORGANIZATIONNAME = CTEC;
				TargetAttributes = {
					7557DFB921DFB57E00305C6E = {
						CreatedOnToolsVersion = 9.4.1;
					};
				};
			};
			buildConfigurationList = 7557DFB521DFB57E00305C6E /* Build configuration list for PBXProject "MegaProject" */;
			compatibilityVersion = "Xcode 9.3";
			developmentRegion = en;
			hasScannedForEncodings = 0;
			knownRegions = (
				en,
				Base,
			);
			mainGroup = 7557DFB121DFB57E00305C6E;
			productRefGroup = 7557DFBB21DFB57E00305C6E /* Products */;
			projectDirPath = "";
			projectRoot = "";
			targets = (
				7557DFB921DFB57E00305C6E /* MegaProject */,
			);
		};
/* End PBXProject section */

/* Begin PBXResourcesBuildPhase section */
		7557DFB821DFB57E00305C6E /* Resources */ = {
			isa = PBXResourcesBuildPhase;
			buildActionMask = 2147483647;
			files = (
				7557DFC821DFB58500305C6E /* LaunchScreen.storyboard in Resources */,
				7557DFC521DFB58500305C6E /* Assets.xcassets in Resources */,
				7557DFC321DFB57E00305C6E /* Main.storyboard in Resources */,
			);
			runOnlyForDeploymentPostprocessing = 0;
		};
/* End PBXResourcesBuildPhase section */

/* Begin PBXSourcesBuildPhase section */
		7557DFB621DFB57E00305C6E /* Sources */ = {
			isa = PBXSourcesBuildPhase;
			buildActionMask = 2147483647;
			files = (
				7557DFC021DFB57E00305C6E /* ViewController.swift in Sources */,
				7557DFBE21DFB57E00305C6E /* AppDelegate.swift in Sources */,
			);
			runOnlyForDeploymentPostprocessing = 0;
		};
/* End PBXSourcesBuildPhase section */

/* Begin PBXVariantGroup section */
		7557DFC121DFB57E00305C6E /* Main.storyboard */ = {
			isa = PBXVariantGroup;
			children = (
				7557DFC221DFB57E00305C6E /* Base */,
			);
			name = Main.storyboard;
			sourceTree = "<group>";
		};
		7557DFC621DFB58500305C6E /* LaunchScreen.storyboard */ = {
			isa = PBXVariantGroup;
			children = (
				7557DFC721DFB58500305C6E /* Base */,
			);
			name = LaunchScreen.storyboard;
			sourceTree = "<group>";
		};
/* End PBXVariantGroup section */

/* Begin XCBuildConfiguration section */
		7557DFCA21DFB58500305C6E /* Debug */ = {
			isa = XCBuildConfiguration;
			buildSettings = {
				ALWAYS_SEARCH_USER_PATHS = NO;
				CLANG_ANALYZER_NONNULL = YES;
				CLANG_ANALYZER_NUMBER_OBJECT_CONVERSION = YES_AGGRESSIVE;
				CLANG_CXX_LANGUAGE_STANDARD = "gnu++14";
				CLANG_CXX_LIBRARY = "libc++";
				CLANG_ENABLE_MODULES = YES;
				CLANG_ENABLE_OBJC_ARC = YES;
				CLANG_ENABLE_OBJC_WEAK = YES;
				CLANG_WARN_BLOCK_CAPTURE_AUTORELEASING = YES;
				CLANG_WARN_BOOL_CONVERSION = YES;
				CLANG_WARN_COMMA = YES;
				CLANG_WARN_CONSTANT_CONVERSION = YES;
				CLANG_WARN_DEPRECATED_OBJC_IMPLEMENTATIONS = YES;
				CLANG_WARN_DIRECT_OBJC_ISA_USAGE = YES_ERROR;
				CLANG_WARN_DOCUMENTATION_COMMENTS = YES;
				CLANG_WARN_EMPTY_BODY = YES;
				CLANG_WARN_ENUM_CONVERSION = YES;
				CLANG_WARN_INFINITE_RECURSION = YES;
				CLANG_WARN_INT_CONVERSION = YES;
				CLANG_WARN_NON_LITERAL_NULL_CONVERSION = YES;
				CLANG_WARN_OBJC_IMPLICIT_RETAIN_SELF = YES;
				CLANG_WARN_OBJC_LITERAL_CONVERSION = YES;
				CLANG_WARN_OBJC_ROOT_CLASS = YES_ERROR;
				CLANG_WARN_RANGE_LOOP_ANALYSIS = YES;
				CLANG_WARN_STRICT_PROTOTYPES = YES;
				CLANG_WARN_SUSPICIOUS_MOVE = YES;
				CLANG_WARN_UNGUARDED_AVAILABILITY = YES_AGGRESSIVE;
				CLANG_WARN_UNREACHABLE_CODE = YES;
				CLANG_WARN__DUPLICATE_METHOD_MATCH = YES;
				CODE_SIGN_IDENTITY = "iPhone Developer";
				COPY_PHASE_STRIP = NO;
				DEBUG_INFORMATION_FORMAT = dwarf;
				ENABLE_STRICT_OBJC_MSGSEND = YES;
				ENABLE_TESTABILITY = YES;
				GCC_C_LANGUAGE_STANDARD = gnu11;
				GCC_DYNAMIC_NO_PIC = NO;
				GCC_NO_COMMON_BLOCKS = YES;
				GCC_OPTIMIZATION_LEVEL = 0;
				GCC_PREPROCESSOR_DEFINITIONS = (
					"DEBUG=1",
					"$(inherited)",
				);
				GCC_WARN_64_TO_32_BIT_CONVERSION = YES;
				GCC_WARN_ABOUT_RETURN_TYPE = YES_ERROR;
				GCC_WARN_UNDECLARED_SELECTOR = YES;
				GCC_WARN_UNINITIALIZED_AUTOS = YES_AGGRESSIVE;
				GCC_WARN_UNUSED_FUNCTION = YES;
				GCC_WARN_UNUSED_VARIABLE = YES;
				IPHONEOS_DEPLOYMENT_TARGET = 11.4;
				MTL_ENABLE_DEBUG_INFO = YES;
				ONLY_ACTIVE_ARCH = YES;
				SDKROOT = iphoneos;
				SWIFT_ACTIVE_COMPILATION_CONDITIONS = DEBUG;
				SWIFT_OPTIMIZATION_LEVEL = "-Onone";
			};
			name = Debug;
		};
		7557DFCB21DFB58500305C6E /* Release */ = {
			isa = XCBuildConfiguration;
			buildSettings = {
				ALWAYS_SEARCH_USER_PATHS = NO;
				CLANG_ANALYZER_NONNULL = YES;
				CLANG_ANALYZER_NUMBER_OBJECT_CONVERSION = YES_AGGRESSIVE;
				CLANG_CXX_LANGUAGE_STANDARD = "gnu++14";
				CLANG_CXX_LIBRARY = "libc++";
				CLANG_ENABLE_MODULES = YES;
				CLANG_ENABLE_OBJC_ARC = YES;
				CLANG_ENABLE_OBJC_WEAK = YES;
				CLANG_WARN_BLOCK_CAPTURE_AUTORELEASING = YES;
				CLANG_WARN_BOOL_CONVERSION = YES;
				CLANG_WARN_COMMA = YES;
				CLANG_WARN_CONSTANT_CONVERSION = YES;
				CLANG_WARN_DEPRECATED_OBJC_IMPLEMENTATIONS = YES;
				CLANG_WARN_DIRECT_OBJC_ISA_USAGE = YES_ERROR;
				CLANG_WARN_DOCUMENTATION_COMMENTS = YES;
				CLANG_WARN_EMPTY_BODY = YES;
				CLANG_WARN_ENUM_CONVERSION = YES;
				CLANG_WARN_INFINITE_RECURSION = YES;
				CLANG_WARN_INT_CONVERSION = YES;
				CLANG_WARN_NON_LITERAL_NULL_CONVERSION = YES;
				CLANG_WARN_OBJC_IMPLICIT_RETAIN_SELF = YES;
				CLANG_WARN_OBJC_LITERAL_CONVERSION = YES;
				CLANG_WARN_OBJC_ROOT_CLASS = YES_ERROR;
				CLANG_WARN_RANGE_LOOP_ANALYSIS = YES;
				CLANG_WARN_STRICT_PROTOTYPES = YES;
				CLANG_WARN_SUSPICIOUS_MOVE = YES;
				CLANG_WARN_UNGUARDED_AVAILABILITY = YES_AGGRESSIVE;
				CLANG_WARN_UNREACHABLE_CODE = YES;
				CLANG_WARN__DUPLICATE_METHOD_MATCH = YES;
				CODE_SIGN_IDENTITY = "iPhone Developer";
				COPY_PHASE_STRIP = NO;
				DEBUG_INFORMATION_FORMAT = "dwarf-with-dsym";
				ENABLE_NS_ASSERTIONS = NO;
				ENABLE_STRICT_OBJC_MSGSEND = YES;
				GCC_C_LANGUAGE_STANDARD = gnu11;
				GCC_NO_COMMON_BLOCKS = YES;
				GCC_WARN_64_TO_32_BIT_CONVERSION = YES;
				GCC_WARN_ABOUT_RETURN_TYPE = YES_ERROR;
				GCC_WARN_UNDECLARED_SELECTOR = YES;
				GCC_WARN_UNINITIALIZED_AUTOS = YES_AGGRESSIVE;
				GCC_WARN_UNUSED_FUNCTION = YES;
				GCC_WARN_UNUSED_VARIABLE = YES;
				IPHONEOS_DEPLOYMENT_TARGET = 11.4;
				MTL_ENABLE_DEBUG_INFO = NO;
				SDKROOT = iphoneos;
				SWIFT_COMPILATION_MODE = wholemodule;
				SWIFT_OPTIMIZATION_LEVEL = "-O";
				VALIDATE_PRODUCT = YES;
			};
			name = Release;
		};
		7557DFCD21DFB58500305C6E /* Debug */ = {
			isa = XCBuildConfiguration;
			buildSettings = {
				ASSETCATALOG_COMPILER_APPICON_NAME = AppIcon;
				CODE_SIGN_STYLE = Automatic;
				INFOPLIST_FILE = "$(SRCROOT)/MegaProject/resources/Info.plist";
				LD_RUNPATH_SEARCH_PATHS = (
					"$(inherited)",
					"@executable_path/Frameworks",
				);
				PRODUCT_BUNDLE_IDENTIFIER = CTEC.MegaProject;
				PRODUCT_NAME = "$(TARGET_NAME)";
				SWIFT_VERSION = 4.0;
				TARGETED_DEVICE_FAMILY = "1,2";
			};
			name = Debug;
		};
		7557DFCE21DFB58500305C6E /* Release */ = {
			isa = XCBuildConfiguration;
			buildSettings = {
				ASSETCATALOG_COMPILER_APPICON_NAME = AppIcon;
				CODE_SIGN_STYLE = Automatic;
				INFOPLIST_FILE = "$(SRCROOT)/MegaProject/resources/Info.plist";
				LD_RUNPATH_SEARCH_PATHS = (
					"$(inherited)",
					"@executable_path/Frameworks",
				);
				PRODUCT_BUNDLE_IDENTIFIER = CTEC.MegaProject;
				PRODUCT_NAME = "$(TARGET_NAME)";
				SWIFT_VERSION = 4.0;
				TARGETED_DEVICE_FAMILY = "1,2";
			};
			name = Release;
		};
/* End XCBuildConfiguration section */

/* Begin XCConfigurationList section */
		7557DFB521DFB57E00305C6E /* Build configuration list for PBXProject "MegaProject" */ = {
			isa = XCConfigurationList;
			buildConfigurations = (
				7557DFCA21DFB58500305C6E /* Debug */,
				7557DFCB21DFB58500305C6E /* Release */,
			);
			defaultConfigurationIsVisible = 0;
			defaultConfigurationName = Release;
		};
		7557DFCC21DFB58500305C6E /* Build configuration list for PBXNativeTarget "MegaProject" */ = {
			isa = XCConfigurationList;
			buildConfigurations = (
				7557DFCD21DFB58500305C6E /* Debug */,
				7557DFCE21DFB58500305C6E /* Release */,
			);
			defaultConfigurationIsVisible = 0;
			defaultConfigurationName = Release;
		};
/* End XCConfigurationList section */
	};
	rootObject = 7557DFB221DFB57E00305C6E /* Project object */;
}
